Microsoft Visual Studio Solution File, Format Version 12.00
# Visual Studio Version 17
VisualStudioVersion = 17.0.31919.166
MinimumVisualStudioVersion = 10.0.40219.1
Project("{9A19103F-16F7-4668-BE54-9A1E7A4F7556}") = "MasterZdran.Logging.AzureTableStorage", "src\MasterZdran.Logging.AzureTableStorage\MasterZdran.Logging.AzureTableStorage.csproj", "{F1A1A1A1-A1A1-A1A1-A1A1-A1A1A1A1A1A1}"
EndProject
Project("{9A19103F-16F7-4668-BE54-9A1E7A4F7556}") = "MasterZdran.Logging.Configuration", "src\MasterZdran.Logging.Configuration\MasterZdran.Logging.Configuration.csproj", "{F2A1A1A1-A1A1-A1A1-A1A1-A1A1A1A1A1A1}"
EndProject
Project("{9A19103F-16F7-4668-BE54-9A1E7A4F7556}") = "MasterZdran.Logging.AzureTableStorage.Tests", "tests\MasterZdran.Logging.AzureTableStorage.Tests\MasterZdran.Logging.AzureTableStorage.Tests.csproj", "{F3A1A1A1-A1A1-A1A1-A1A1-A1A1A1A1A1A1}"
EndProject
Project("{9A19103F-16F7-4668-BE54-9A1E7A4F7556}") = "MasterZdran.Logging.Configuration.Tests", "tests\MasterZdran.Logging.Configuration.Tests\MasterZdran.Logging.Configuration.Tests.csproj", "{F4A1A1A1-A1A1-A1A1-A1A1-A1A1A1A1A1A1}"
EndProject
Project("{FAE04EC0-301F-11D3-BF4B-00C04F79EFBC}") = "ConsoleApp", "samples\ConsoleApp\ConsoleApp.csproj", "{FB672884-7B7C-0400-4AAB-9765109F286F}"
EndProject
Global
	GlobalSection(SolutionConfigurationPlatforms) = preSolution
		Debug|Any CPU = Debug|Any CPU
		Release|Any CPU = Release|Any CPU
	EndGlobalSection
	GlobalSection(ProjectConfigurationPlatforms) = postSolution
		{F1A1A1A1-A1A1-A1A1-A1A1-A1A1A1A1A1A1}.Debug|Any CPU.ActiveCfg = Debug|Any CPU
		{F1A1A1A1-A1A1-A1A1-A1A1-A1A1A1A1A1A1}.Debug|Any CPU.Build.0 = Debug|Any CPU
		{F1A1A1A1-A1A1-A1A1-A1A1-A1A1A1A1A1A1}.Release|Any CPU.ActiveCfg = Release|Any CPU
		{F1A1A1A1-A1A1-A1A1-A1A1-A1A1A1A1A1A1}.Release|Any CPU.Build.0 = Release|Any CPU
		{F2A1A1A1-A1A1-A1A1-A1A1-A1A1A1A1A1A1}.Debug|Any CPU.ActiveCfg = Debug|Any CPU
		{F2A1A1A1-A1A1-A1A1-A1A1-A1A1A1A1A1A1}.Debug|Any CPU.Build.0 = Debug|Any CPU
		{F2A1A1A1-A1A1-A1A1-A1A1-A1A1A1A1A1A1}.Release|Any CPU.ActiveCfg = Release|Any CPU
		{F2A1A1A1-A1A1-A1A1-A1A1-A1A1A1A1A1A1}.Release|Any CPU.Build.0 = Release|Any CPU
		{F3A1A1A1-A1A1-A1A1-A1A1-A1A1A1A1A1A1}.Debug|Any CPU.ActiveCfg = Debug|Any CPU
		{F3A1A1A1-A1A1-A1A1-A1A1-A1A1A1A1A1A1}.Debug|Any CPU.Build.0 = Debug|Any CPU
		{F3A1A1A1-A1A1-A1A1-A1A1-A1A1A1A1A1A1}.Release|Any CPU.ActiveCfg = Release|Any CPU
		{F3A1A1A1-A1A1-A1A1-A1A1-A1A1A1A1A1A1}.Release|Any CPU.Build.0 = Release|Any CPU
		{F4A1A1A1-A1A1-A1A1-A1A1-A1A1A1A1A1A1}.Debug|Any CPU.ActiveCfg = Debug|Any CPU
		{F4A1A1A1-A1A1-A1A1-A1A1-A1A1A1A1A1A1}.Debug|Any CPU.Build.0 = Debug|Any CPU
		{F4A1A1A1-A1A1-A1A1-A1A1-A1A1A1A1A1A1}.Release|Any CPU.ActiveCfg = Release|Any CPU
		{F4A1A1A1-A1A1-A1A1-A1A1-A1A1A1A1A1A1}.Release|Any CPU.Build.0 = Release|Any CPU
		{FB672884-7B7C-0400-4AAB-9765109F286F}.Debug|Any CPU.ActiveCfg = Debug|Any CPU
		{FB672884-7B7C-0400-4AAB-9765109F286F}.Debug|Any CPU.Build.0 = Debug|Any CPU
		{FB672884-7B7C-0400-4AAB-9765109F286F}.Release|Any CPU.ActiveCfg = Release|Any CPU
		{FB672884-7B7C-0400-4AAB-9765109F286F}.Release|Any CPU.Build.0 = Release|Any CPU
	EndGlobalSection
	GlobalSection(SolutionProperties) = preSolution
		HideSolutionNode = FALSE
	EndGlobalSection
EndGlobal
